
Microsoft Visual Studio Solution File, Format Version 12.00
# Visual Studio 2013
VisualStudioVersion = 12.0.31101.0
MinimumVisualStudioVersion = 10.0.40219.1
Project("{FAE04EC0-301F-11D3-BF4B-00C04F79EFBC}") = "Lib League", "Lib League\Lib League.csproj", "{356F8A8B-CF38-4DAA-8891-2BCDCB0DAF46}"
EndProject
Project("{FAE04EC0-301F-11D3-BF4B-00C04F79EFBC}") = "Inibin File Manager", "Inibin File Manager\Inibin File Manager.csproj", "{36C4C006-AB65-4D26-907C-84D4C9282C4D}"
EndProject
Project("{FAE04EC0-301F-11D3-BF4B-00C04F79EFBC}") = "League Scrambler", "League Scrambler\League Scrambler.csproj", "{0090024D-CB8E-4362-AC1E-562B126FC358}"
EndProject
Project("{FAE04EC0-301F-11D3-BF4B-00C04F79EFBC}") = "TestProject", "TestProject\TestProject.csproj", "{32EF6811-5A0E-49CF-9B18-15D7C13447C9}"
EndProject
Global
	GlobalSection(SolutionConfigurationPlatforms) = preSolution
		Debug_Nightly|Any CPU = Debug_Nightly|Any CPU
		Debug_Nightly|Mixed Platforms = Debug_Nightly|Mixed Platforms
		Debug_Nightly|x86 = Debug_Nightly|x86
		Debug|Any CPU = Debug|Any CPU
		Debug|Mixed Platforms = Debug|Mixed Platforms
		Debug|x86 = Debug|x86
		Release|Any CPU = Release|Any CPU
		Release|Mixed Platforms = Release|Mixed Platforms
		Release|x86 = Release|x86
	EndGlobalSection
	GlobalSection(ProjectConfigurationPlatforms) = postSolution
		{356F8A8B-CF38-4DAA-8891-2BCDCB0DAF46}.Debug_Nightly|Any CPU.ActiveCfg = Debug|Any CPU
		{356F8A8B-CF38-4DAA-8891-2BCDCB0DAF46}.Debug_Nightly|Any CPU.Build.0 = Debug|Any CPU
		{356F8A8B-CF38-4DAA-8891-2BCDCB0DAF46}.Debug_Nightly|Mixed Platforms.ActiveCfg = Debug|Any CPU
		{356F8A8B-CF38-4DAA-8891-2BCDCB0DAF46}.Debug_Nightly|Mixed Platforms.Build.0 = Debug|Any CPU
		{356F8A8B-CF38-4DAA-8891-2BCDCB0DAF46}.Debug_Nightly|x86.ActiveCfg = Debug|Any CPU
		{356F8A8B-CF38-4DAA-8891-2BCDCB0DAF46}.Debug|Any CPU.ActiveCfg = Debug|Any CPU
		{356F8A8B-CF38-4DAA-8891-2BCDCB0DAF46}.Debug|Any CPU.Build.0 = Debug|Any CPU
		{356F8A8B-CF38-4DAA-8891-2BCDCB0DAF46}.Debug|Mixed Platforms.ActiveCfg = Debug|Any CPU
		{356F8A8B-CF38-4DAA-8891-2BCDCB0DAF46}.Debug|Mixed Platforms.Build.0 = Debug|Any CPU
		{356F8A8B-CF38-4DAA-8891-2BCDCB0DAF46}.Debug|x86.ActiveCfg = Debug|Any CPU
		{356F8A8B-CF38-4DAA-8891-2BCDCB0DAF46}.Release|Any CPU.ActiveCfg = Release|Any CPU
		{356F8A8B-CF38-4DAA-8891-2BCDCB0DAF46}.Release|Any CPU.Build.0 = Release|Any CPU
		{356F8A8B-CF38-4DAA-8891-2BCDCB0DAF46}.Release|Mixed Platforms.ActiveCfg = Release|Any CPU
		{356F8A8B-CF38-4DAA-8891-2BCDCB0DAF46}.Release|Mixed Platforms.Build.0 = Release|Any CPU
		{356F8A8B-CF38-4DAA-8891-2BCDCB0DAF46}.Release|x86.ActiveCfg = Release|Any CPU
		{36C4C006-AB65-4D26-907C-84D4C9282C4D}.Debug_Nightly|Any CPU.ActiveCfg = Debug|Any CPU
		{36C4C006-AB65-4D26-907C-84D4C9282C4D}.Debug_Nightly|Any CPU.Build.0 = Debug|Any CPU
		{36C4C006-AB65-4D26-907C-84D4C9282C4D}.Debug_Nightly|Mixed Platforms.ActiveCfg = Debug|Any CPU
		{36C4C006-AB65-4D26-907C-84D4C9282C4D}.Debug_Nightly|Mixed Platforms.Build.0 = Debug|Any CPU
		{36C4C006-AB65-4D26-907C-84D4C9282C4D}.Debug_Nightly|x86.ActiveCfg = Debug|Any CPU
		{36C4C006-AB65-4D26-907C-84D4C9282C4D}.Debug|Any CPU.ActiveCfg = Debug|Any CPU
		{36C4C006-AB65-4D26-907C-84D4C9282C4D}.Debug|Any CPU.Build.0 = Debug|Any CPU
		{36C4C006-AB65-4D26-907C-84D4C9282C4D}.Debug|Mixed Platforms.ActiveCfg = Debug|Any CPU
		{36C4C006-AB65-4D26-907C-84D4C9282C4D}.Debug|Mixed Platforms.Build.0 = Debug|Any CPU
		{36C4C006-AB65-4D26-907C-84D4C9282C4D}.Debug|x86.ActiveCfg = Debug|Any CPU
		{36C4C006-AB65-4D26-907C-84D4C9282C4D}.Release|Any CPU.ActiveCfg = Release|Any CPU
		{36C4C006-AB65-4D26-907C-84D4C9282C4D}.Release|Any CPU.Build.0 = Release|Any CPU
		{36C4C006-AB65-4D26-907C-84D4C9282C4D}.Release|Mixed Platforms.ActiveCfg = Release|Any CPU
		{36C4C006-AB65-4D26-907C-84D4C9282C4D}.Release|Mixed Platforms.Build.0 = Release|Any CPU
		{36C4C006-AB65-4D26-907C-84D4C9282C4D}.Release|x86.ActiveCfg = Release|Any CPU
		{0090024D-CB8E-4362-AC1E-562B126FC358}.Debug_Nightly|Any CPU.ActiveCfg = Debug|Any CPU
		{0090024D-CB8E-4362-AC1E-562B126FC358}.Debug_Nightly|Any CPU.Build.0 = Debug|Any CPU
		{0090024D-CB8E-4362-AC1E-562B126FC358}.Debug_Nightly|Mixed Platforms.ActiveCfg = Debug|Any CPU
		{0090024D-CB8E-4362-AC1E-562B126FC358}.Debug_Nightly|Mixed Platforms.Build.0 = Debug|Any CPU
		{0090024D-CB8E-4362-AC1E-562B126FC358}.Debug_Nightly|x86.ActiveCfg = Debug|Any CPU
		{0090024D-CB8E-4362-AC1E-562B126FC358}.Debug|Any CPU.ActiveCfg = Debug|Any CPU
		{0090024D-CB8E-4362-AC1E-562B126FC358}.Debug|Any CPU.Build.0 = Debug|Any CPU
		{0090024D-CB8E-4362-AC1E-562B126FC358}.Debug|Mixed Platforms.ActiveCfg = Debug|Any CPU
		{0090024D-CB8E-4362-AC1E-562B126FC358}.Debug|Mixed Platforms.Build.0 = Debug|Any CPU
		{0090024D-CB8E-4362-AC1E-562B126FC358}.Debug|x86.ActiveCfg = Debug|Any CPU
		{0090024D-CB8E-4362-AC1E-562B126FC358}.Release|Any CPU.ActiveCfg = Release|Any CPU
		{0090024D-CB8E-4362-AC1E-562B126FC358}.Release|Any CPU.Build.0 = Release|Any CPU
		{0090024D-CB8E-4362-AC1E-562B126FC358}.Release|Mixed Platforms.ActiveCfg = Release|Any CPU
		{0090024D-CB8E-4362-AC1E-562B126FC358}.Release|Mixed Platforms.Build.0 = Release|Any CPU
		{0090024D-CB8E-4362-AC1E-562B126FC358}.Release|x86.ActiveCfg = Release|Any CPU
		{32EF6811-5A0E-49CF-9B18-15D7C13447C9}.Debug_Nightly|Any CPU.ActiveCfg = Debug|Any CPU
		{32EF6811-5A0E-49CF-9B18-15D7C13447C9}.Debug_Nightly|Any CPU.Build.0 = Debug|Any CPU
		{32EF6811-5A0E-49CF-9B18-15D7C13447C9}.Debug_Nightly|Mixed Platforms.ActiveCfg = Debug|Any CPU
		{32EF6811-5A0E-49CF-9B18-15D7C13447C9}.Debug_Nightly|Mixed Platforms.Build.0 = Debug|Any CPU
		{32EF6811-5A0E-49CF-9B18-15D7C13447C9}.Debug_Nightly|x86.ActiveCfg = Debug|Any CPU
		{32EF6811-5A0E-49CF-9B18-15D7C13447C9}.Debug|Any CPU.ActiveCfg = Debug|Any CPU
		{32EF6811-5A0E-49CF-9B18-15D7C13447C9}.Debug|Any CPU.Build.0 = Debug|Any CPU
		{32EF6811-5A0E-49CF-9B18-15D7C13447C9}.Debug|Mixed Platforms.ActiveCfg = Debug|Any CPU
		{32EF6811-5A0E-49CF-9B18-15D7C13447C9}.Debug|Mixed Platforms.Build.0 = Debug|Any CPU
		{32EF6811-5A0E-49CF-9B18-15D7C13447C9}.Debug|x86.ActiveCfg = Debug|Any CPU
		{32EF6811-5A0E-49CF-9B18-15D7C13447C9}.Release|Any CPU.ActiveCfg = Release|Any CPU
		{32EF6811-5A0E-49CF-9B18-15D7C13447C9}.Release|Any CPU.Build.0 = Release|Any CPU
		{32EF6811-5A0E-49CF-9B18-15D7C13447C9}.Release|Mixed Platforms.ActiveCfg = Release|Any CPU
		{32EF6811-5A0E-49CF-9B18-15D7C13447C9}.Release|Mixed Platforms.Build.0 = Release|Any CPU
		{32EF6811-5A0E-49CF-9B18-15D7C13447C9}.Release|x86.ActiveCfg = Release|Any CPU
	EndGlobalSection
	GlobalSection(SolutionProperties) = preSolution
		HideSolutionNode = FALSE
	EndGlobalSection
EndGlobal
